// !$*UTF8*$!
{
	archiveVersion = 1;
	classes = {
	};
	objectVersion = 46;
	objects = {

/* Begin PBXBuildFile section */
		BEC15D011FAC01A800487F33 /* AppDelegate.swift in Sources */ = {isa = PBXBuildFile; fileRef = BEC15D001FAC01A800487F33 /* AppDelegate.swift */; };
		BEC15D031FAC01A800487F33 /* ViewController.swift in Sources */ = {isa = PBXBuildFile; fileRef = BEC15D021FAC01A800487F33 /* ViewController.swift */; };
		BEC15D061FAC01A800487F33 /* Main.storyboard in Resources */ = {isa = PBXBuildFile; fileRef = BEC15D041FAC01A800487F33 /* Main.storyboard */; };
		BEC15D081FAC01A800487F33 /* Assets.xcassets in Resources */ = {isa = PBXBuildFile; fileRef = BEC15D071FAC01A800487F33 /* Assets.xcassets */; };
		BEC15D0B1FAC01A800487F33 /* LaunchScreen.storyboard in Resources */ = {isa = PBXBuildFile; fileRef = BEC15D091FAC01A800487F33 /* LaunchScreen.storyboard */; };
		BEC15D161FAC01A800487F33 /* CountAppTests.swift in Sources */ = {isa = PBXBuildFile; fileRef = BEC15D151FAC01A800487F33 /* CountAppTests.swift */; };
		BEC15D211FAC01A800487F33 /* CountAppUITests.swift in Sources */ = {isa = PBXBuildFile; fileRef = BEC15D201FAC01A800487F33 /* CountAppUITests.swift */; };
		BEC15D311FAC06C000487F33 /* Background.jpg in Resources */ = {isa = PBXBuildFile; fileRef = BEC15D301FAC06C000487F33 /* Background.jpg */; };
		BEC15D351FAC0C9800487F33 /* icon.png in Resources */ = {isa = PBXBuildFile; fileRef = BEC15D341FAC0C9800487F33 /* icon.png */; };
/* End PBXBuildFile section */

/* Begin PBXContainerItemProxy section */
		BEC15D121FAC01A800487F33 /* PBXContainerItemProxy */ = {
			isa = PBXContainerItemProxy;
			containerPortal = BEC15CF51FAC01A800487F33 /* Project object */;
			proxyType = 1;
			remoteGlobalIDString = BEC15CFC1FAC01A800487F33;
			remoteInfo = CountApp;
		};
		BEC15D1D1FAC01A800487F33 /* PBXContainerItemProxy */ = {
			isa = PBXContainerItemProxy;
			containerPortal = BEC15CF51FAC01A800487F33 /* Project object */;
			proxyType = 1;
			remoteGlobalIDString = BEC15CFC1FAC01A800487F33;
			remoteInfo = CountApp;
		};
/* End PBXContainerItemProxy section */

/* Begin PBXFileReference section */
		BEC15CFD1FAC01A800487F33 /* CountApp.app */ = {isa = PBXFileReference; explicitFileType = wrapper.application; includeInIndex = 0; path = CountApp.app; sourceTree = BUILT_PRODUCTS_DIR; };
		BEC15D001FAC01A800487F33 /* AppDelegate.swift */ = {isa = PBXFileReference; lastKnownFileType = sourcecode.swift; path = AppDelegate.swift; sourceTree = "<group>"; };
		BEC15D021FAC01A800487F33 /* ViewController.swift */ = {isa = PBXFileReference; lastKnownFileType = sourcecode.swift; path = ViewController.swift; sourceTree = "<group>"; };
		BEC15D051FAC01A800487F33 /* Base */ = {isa = PBXFileReference; lastKnownFileType = file.storyboard; name = Base; path = Base.lproj/Main.storyboard; sourceTree = "<group>"; };
		BEC15D071FAC01A800487F33 /* Assets.xcassets */ = {isa = PBXFileReference; lastKnownFileType = folder.assetcatalog; path = Assets.xcassets; sourceTree = "<group>"; };
		BEC15D0A1FAC01A800487F33 /* Base */ = {isa = PBXFileReference; lastKnownFileType = file.storyboard; name = Base; path = Base.lproj/LaunchScreen.storyboard; sourceTree = "<group>"; };
		BEC15D0C1FAC01A800487F33 /* Info.plist */ = {isa = PBXFileReference; lastKnownFileType = text.plist.xml; path = Info.plist; sourceTree = "<group>"; };
		BEC15D111FAC01A800487F33 /* CountAppTests.xctest */ = {isa = PBXFileReference; explicitFileType = wrapper.cfbundle; includeInIndex = 0; path = CountAppTests.xctest; sourceTree = BUILT_PRODUCTS_DIR; };
		BEC15D151FAC01A800487F33 /* CountAppTests.swift */ = {isa = PBXFileReference; lastKnownFileType = sourcecode.swift; path = CountAppTests.swift; sourceTree = "<group>"; };
		BEC15D171FAC01A800487F33 /* Info.plist */ = {isa = PBXFileReference; lastKnownFileType = text.plist.xml; path = Info.plist; sourceTree = "<group>"; };
		BEC15D1C1FAC01A800487F33 /* CountAppUITests.xctest */ = {isa = PBXFileReference; explicitFileType = wrapper.cfbundle; includeInIndex = 0; path = CountAppUITests.xctest; sourceTree = BUILT_PRODUCTS_DIR; };
		BEC15D201FAC01A800487F33 /* CountAppUITests.swift */ = {isa = PBXFileReference; lastKnownFileType = sourcecode.swift; path = CountAppUITests.swift; sourceTree = "<group>"; };
		BEC15D221FAC01A800487F33 /* Info.plist */ = {isa = PBXFileReference; lastKnownFileType = text.plist.xml; path = Info.plist; sourceTree = "<group>"; };
		BEC15D301FAC06C000487F33 /* Background.jpg */ = {isa = PBXFileReference; lastKnownFileType = image.jpeg; path = Background.jpg; sourceTree = "<group>"; };
		BEC15D341FAC0C9800487F33 /* icon.png */ = {isa = PBXFileReference; lastKnownFileType = image.png; path = icon.png; sourceTree = "<group>"; };
/* End PBXFileReference section */

/* Begin PBXFrameworksBuildPhase section */
		BEC15CFA1FAC01A800487F33 /* Frameworks */ = {
			isa = PBXFrameworksBuildPhase;
			buildActionMask = 2147483647;
			files = (
			);
			runOnlyForDeploymentPostprocessing = 0;
		};
		BEC15D0E1FAC01A800487F33 /* Frameworks */ = {
			isa = PBXFrameworksBuildPhase;
			buildActionMask = 2147483647;
			files = (
			);
			runOnlyForDeploymentPostprocessing = 0;
		};
		BEC15D191FAC01A800487F33 /* Frameworks */ = {
			isa = PBXFrameworksBuildPhase;
			buildActionMask = 2147483647;
			files = (
			);
			runOnlyForDeploymentPostprocessing = 0;
		};
/* End PBXFrameworksBuildPhase section */

/* Begin PBXGroup section */
		BEC15CF41FAC01A800487F33 = {
			isa = PBXGroup;
			children = (
				BEC15CFF1FAC01A800487F33 /* CountApp */,
				BEC15D141FAC01A800487F33 /* CountAppTests */,
				BEC15D1F1FAC01A800487F33 /* CountAppUITests */,
				BEC15CFE1FAC01A800487F33 /* Products */,
			);
			sourceTree = "<group>";
		};
		BEC15CFE1FAC01A800487F33 /* Products */ = {
			isa = PBXGroup;
			children = (
				BEC15CFD1FAC01A800487F33 /* CountApp.app */,
				BEC15D111FAC01A800487F33 /* CountAppTests.xctest */,
				BEC15D1C1FAC01A800487F33 /* CountAppUITests.xctest */,
			);
			name = Products;
			sourceTree = "<group>";
		};
		BEC15CFF1FAC01A800487F33 /* CountApp */ = {
			isa = PBXGroup;
			children = (
				BEC15D341FAC0C9800487F33 /* icon.png */,
				BEC15D301FAC06C000487F33 /* Background.jpg */,
				BEC15D001FAC01A800487F33 /* AppDelegate.swift */,
				BEC15D021FAC01A800487F33 /* ViewController.swift */,
				BEC15D041FAC01A800487F33 /* Main.storyboard */,
				BEC15D071FAC01A800487F33 /* Assets.xcassets */,
				BEC15D091FAC01A800487F33 /* LaunchScreen.storyboard */,
				BEC15D0C1FAC01A800487F33 /* Info.plist */,
			);
			path = CountApp;
			sourceTree = "<group>";
		};
		BEC15D141FAC01A800487F33 /* CountAppTests */ = {
			isa = PBXGroup;
			children = (
				BEC15D151FAC01A800487F33 /* CountAppTests.swift */,
				BEC15D171FAC01A800487F33 /* Info.plist */,
			);
			path = CountAppTests;
			sourceTree = "<group>";
		};
		BEC15D1F1FAC01A800487F33 /* CountAppUITests */ = {
			isa = PBXGroup;
			children = (
				BEC15D201FAC01A800487F33 /* CountAppUITests.swift */,
				BEC15D221FAC01A800487F33 /* Info.plist */,
			);
			path = CountAppUITests;
			sourceTree = "<group>";
		};
/* End PBXGroup section */

/* Begin PBXNativeTarget section */
		BEC15CFC1FAC01A800487F33 /* CountApp */ = {
			isa = PBXNativeTarget;
			buildConfigurationList = BEC15D251FAC01A800487F33 /* Build configuration list for PBXNativeTarget "CountApp" */;
			buildPhases = (
				BEC15CF91FAC01A800487F33 /* Sources */,
				BEC15CFA1FAC01A800487F33 /* Frameworks */,
				BEC15CFB1FAC01A800487F33 /* Resources */,
			);
			buildRules = (
			);
			dependencies = (
			);
			name = CountApp;
			productName = CountApp;
			productReference = BEC15CFD1FAC01A800487F33 /* CountApp.app */;
			productType = "com.apple.product-type.application";
		};
		BEC15D101FAC01A800487F33 /* CountAppTests */ = {
			isa = PBXNativeTarget;
			buildConfigurationList = BEC15D281FAC01A800487F33 /* Build configuration list for PBXNativeTarget "CountAppTests" */;
			buildPhases = (
				BEC15D0D1FAC01A800487F33 /* Sources */,
				BEC15D0E1FAC01A800487F33 /* Frameworks */,
				BEC15D0F1FAC01A800487F33 /* Resources */,
			);
			buildRules = (
			);
			dependencies = (
				BEC15D131FAC01A800487F33 /* PBXTargetDependency */,
			);
			name = CountAppTests;
			productName = CountAppTests;
			productReference = BEC15D111FAC01A800487F33 /* CountAppTests.xctest */;
			productType = "com.apple.product-type.bundle.unit-test";
		};
		BEC15D1B1FAC01A800487F33 /* CountAppUITests */ = {
			isa = PBXNativeTarget;
			buildConfigurationList = BEC15D2B1FAC01A800487F33 /* Build configuration list for PBXNativeTarget "CountAppUITests" */;
			buildPhases = (
				BEC15D181FAC01A800487F33 /* Sources */,
				BEC15D191FAC01A800487F33 /* Frameworks */,
				BEC15D1A1FAC01A800487F33 /* Resources */,
			);
			buildRules = (
			);
			dependencies = (
				BEC15D1E1FAC01A800487F33 /* PBXTargetDependency */,
			);
			name = CountAppUITests;
			productName = CountAppUITests;
			productReference = BEC15D1C1FAC01A800487F33 /* CountAppUITests.xctest */;
			productType = "com.apple.product-type.bundle.ui-testing";
		};
/* End PBXNativeTarget section */

/* Begin PBXProject section */
		BEC15CF51FAC01A800487F33 /* Project object */ = {
			isa = PBXProject;
			attributes = {
				LastSwiftUpdateCheck = 0830;
				LastUpgradeCheck = 0830;
				ORGANIZATIONNAME = "Life is Tech";
				TargetAttributes = {
					BEC15CFC1FAC01A800487F33 = {
						CreatedOnToolsVersion = 8.3.3;
						ProvisioningStyle = Automatic;
					};
					BEC15D101FAC01A800487F33 = {
						CreatedOnToolsVersion = 8.3.3;
						ProvisioningStyle = Automatic;
						TestTargetID = BEC15CFC1FAC01A800487F33;
					};
					BEC15D1B1FAC01A800487F33 = {
						CreatedOnToolsVersion = 8.3.3;
						ProvisioningStyle = Automatic;
						TestTargetID = BEC15CFC1FAC01A800487F33;
					};
				};
			};
			buildConfigurationList = BEC15CF81FAC01A800487F33 /* Build configuration list for PBXProject "CountApp" */;
			compatibilityVersion = "Xcode 3.2";
			developmentRegion = English;
			hasScannedForEncodings = 0;
			knownRegions = (
				en,
				Base,
			);
			mainGroup = BEC15CF41FAC01A800487F33;
			productRefGroup = BEC15CFE1FAC01A800487F33 /* Products */;
			projectDirPath = "";
			projectRoot = "";
			targets = (
				BEC15CFC1FAC01A800487F33 /* CountApp */,
				BEC15D101FAC01A800487F33 /* CountAppTests */,
				BEC15D1B1FAC01A800487F33 /* CountAppUITests */,
			);
		};
/* End PBXProject section */

/* Begin PBXResourcesBuildPhase section */
		BEC15CFB1FAC01A800487F33 /* Resources */ = {
			isa = PBXResourcesBuildPhase;
			buildActionMask = 2147483647;
			files = (
				BEC15D0B1FAC01A800487F33 /* LaunchScreen.storyboard in Resources */,
				BEC15D081FAC01A800487F33 /* Assets.xcassets in Resources */,
				BEC15D061FAC01A800487F33 /* Main.storyboard in Resources */,
				BEC15D311FAC06C000487F33 /* Background.jpg in Resources */,
				BEC15D351FAC0C9800487F33 /* icon.png in Resources */,
			);
			runOnlyForDeploymentPostprocessing = 0;
		};
		BEC15D0F1FAC01A800487F33 /* Resources */ = {
			isa = PBXResourcesBuildPhase;
			buildActionMask = 2147483647;
			files = (
			);
			runOnlyForDeploymentPostprocessing = 0;
		};
		BEC15D1A1FAC01A800487F33 /* Resources */ = {
			isa = PBXResourcesBuildPhase;
			buildActionMask = 2147483647;
			files = (
			);
			runOnlyForDeploymentPostprocessing = 0;
		};
/* End PBXResourcesBuildPhase section */

/* Begin PBXSourcesBuildPhase section */
		BEC15CF91FAC01A800487F33 /* Sources */ = {
			isa = PBXSourcesBuildPhase;
			buildActionMask = 2147483647;
			files = (
				BEC15D031FAC01A800487F33 /* ViewController.swift in Sources */,
				BEC15D011FAC01A800487F33 /* AppDelegate.swift in Sources */,
			);
			runOnlyForDeploymentPostprocessing = 0;
		};
		BEC15D0D1FAC01A800487F33 /* Sources */ = {
			isa = PBXSourcesBuildPhase;
			buildActionMask = 2147483647;
			files = (
				BEC15D161FAC01A800487F33 /* CountAppTests.swift in Sources */,
			);
			runOnlyForDeploymentPostprocessing = 0;
		};
		BEC15D181FAC01A800487F33 /* Sources */ = {
			isa = PBXSourcesBuildPhase;
			buildActionMask = 2147483647;
			files = (
				BEC15D211FAC01A800487F33 /* CountAppUITests.swift in Sources */,
			);
			runOnlyForDeploymentPostprocessing = 0;
		};
/* End PBXSourcesBuildPhase section */

/* Begin PBXTargetDependency section */
		BEC15D131FAC01A800487F33 /* PBXTargetDependency */ = {
			isa = PBXTargetDependency;
			target = BEC15CFC1FAC01A800487F33 /* CountApp */;
			targetProxy = BEC15D121FAC01A800487F33 /* PBXContainerItemProxy */;
		};
		BEC15D1E1FAC01A800487F33 /* PBXTargetDependency */ = {
			isa = PBXTargetDependency;
			target = BEC15CFC1FAC01A800487F33 /* CountApp */;
			targetProxy = BEC15D1D1FAC01A800487F33 /* PBXContainerItemProxy */;
		};
/* End PBXTargetDependency section */

/* Begin PBXVariantGroup section */
		BEC15D041FAC01A800487F33 /* Main.storyboard */ = {
			isa = PBXVariantGroup;
			children = (
				BEC15D051FAC01A800487F33 /* Base */,
			);
			name = Main.storyboard;
			sourceTree = "<group>";
		};
		BEC15D091FAC01A800487F33 /* LaunchScreen.storyboard */ = {
			isa = PBXVariantGroup;
			children = (
				BEC15D0A1FAC01A800487F33 /* Base */,
			);
			name = LaunchScreen.storyboard;
			sourceTree = "<group>";
		};
/* End PBXVariantGroup section */

/* Begin XCBuildConfiguration section */
		BEC15D231FAC01A800487F33 /* Debug */ = {
			isa = XCBuildConfiguration;
			buildSettings = {
				ALWAYS_SEARCH_USER_PATHS = NO;
				CLANG_ANALYZER_NONNULL = YES;
				CLANG_ANALYZER_NUMBER_OBJECT_CONVERSION = YES_AGGRESSIVE;
				CLANG_CXX_LANGUAGE_STANDARD = "gnu++0x";
				CLANG_CXX_LIBRARY = "libc++";
				CLANG_ENABLE_MODULES = YES;
				CLANG_ENABLE_OBJC_ARC = YES;
				CLANG_WARN_BOOL_CONVERSION = YES;
				CLANG_WARN_CONSTANT_CONVERSION = YES;
				CLANG_WARN_DIRECT_OBJC_ISA_USAGE = YES_ERROR;
				CLANG_WARN_DOCUMENTATION_COMMENTS = YES;
				CLANG_WARN_EMPTY_BODY = YES;
				CLANG_WARN_ENUM_CONVERSION = YES;
				CLANG_WARN_INFINITE_RECURSION = YES;
				CLANG_WARN_INT_CONVERSION = YES;
				CLANG_WARN_OBJC_ROOT_CLASS = YES_ERROR;
				CLANG_WARN_SUSPICIOUS_MOVE = YES;
				CLANG_WARN_UNREACHABLE_CODE = YES;
				CLANG_WARN__DUPLICATE_METHOD_MATCH = YES;
				"CODE_SIGN_IDENTITY[sdk=iphoneos*]" = "iPhone Developer";
				COPY_PHASE_STRIP = NO;
				DEBUG_INFORMATION_FORMAT = dwarf;
				ENABLE_STRICT_OBJC_MSGSEND = YES;
				ENABLE_TESTABILITY = YES;
				GCC_C_LANGUAGE_STANDARD = gnu99;
				GCC_DYNAMIC_NO_PIC = NO;
				GCC_NO_COMMON_BLOCKS = YES;
				GCC_OPTIMIZATION_LEVEL = 0;
				GCC_PREPROCESSOR_DEFINITIONS = (
					"DEBUG=1",
					"$(inherited)",
				);
				GCC_WARN_64_TO_32_BIT_CONVERSION = YES;
				GCC_WARN_ABOUT_RETURN_TYPE = YES_ERROR;
				GCC_WARN_UNDECLARED_SELECTOR = YES;
				GCC_WARN_UNINITIALIZED_AUTOS = YES_AGGRESSIVE;
				GCC_WARN_UNUSED_FUNCTION = YES;
				GCC_WARN_UNUSED_VARIABLE = YES;
				IPHONEOS_DEPLOYMENT_TARGET = 10.3;
				MTL_ENABLE_DEBUG_INFO = YES;
				ONLY_ACTIVE_ARCH = YES;
				SDKROOT = iphoneos;
				SWIFT_ACTIVE_COMPILATION_CONDITIONS = DEBUG;
				SWIFT_OPTIMIZATION_LEVEL = "-Onone";
			};
			name = Debug;
		};
		BEC15D241FAC01A800487F33 /* Release */ = {
			isa = XCBuildConfiguration;
			buildSettings = {
				ALWAYS_SEARCH_USER_PATHS = NO;
				CLANG_ANALYZER_NONNULL = YES;
				CLANG_ANALYZER_NUMBER_OBJECT_CONVERSION = YES_AGGRESSIVE;
				CLANG_CXX_LANGUAGE_STANDARD = "gnu++0x";
				CLANG_CXX_LIBRARY = "libc++";
				CLANG_ENABLE_MODULES = YES;
				CLANG_ENABLE_OBJC_ARC = YES;
				CLANG_WARN_BOOL_CONVERSION = YES;
				CLANG_WARN_CONSTANT_CONVERSION = YES;
				CLANG_WARN_DIRECT_OBJC_ISA_USAGE = YES_ERROR;
				CLANG_WARN_DOCUMENTATION_COMMENTS = YES;
				CLANG_WARN_EMPTY_BODY = YES;
				CLANG_WARN_ENUM_CONVERSION = YES;
				CLANG_WARN_INFINITE_RECURSION = YES;
				CLANG_WARN_INT_CONVERSION = YES;
				CLANG_WARN_OBJC_ROOT_CLASS = YES_ERROR;
				CLANG_WARN_SUSPICIOUS_MOVE = YES;
				CLANG_WARN_UNREACHABLE_CODE = YES;
				CLANG_WARN__DUPLICATE_METHOD_MATCH = YES;
				"CODE_SIGN_IDENTITY[sdk=iphoneos*]" = "iPhone Developer";
				COPY_PHASE_STRIP = NO;
				DEBUG_INFORMATION_FORMAT = "dwarf-with-dsym";
				ENABLE_NS_ASSERTIONS = NO;
				ENABLE_STRICT_OBJC_MSGSEND = YES;
				GCC_C_LANGUAGE_STANDARD = gnu99;
				GCC_NO_COMMON_BLOCKS = YES;
				GCC_WARN_64_TO_32_BIT_CONVERSION = YES;
				GCC_WARN_ABOUT_RETURN_TYPE = YES_ERROR;
				GCC_WARN_UNDECLARED_SELECTOR = YES;
				GCC_WARN_UNINITIALIZED_AUTOS = YES_AGGRESSIVE;
				GCC_WARN_UNUSED_FUNCTION = YES;
				GCC_WARN_UNUSED_VARIABLE = YES;
				IPHONEOS_DEPLOYMENT_TARGET = 10.3;
				MTL_ENABLE_DEBUG_INFO = NO;
				SDKROOT = iphoneos;
				SWIFT_OPTIMIZATION_LEVEL = "-Owholemodule";
				VALIDATE_PRODUCT = YES;
			};
			name = Release;
		};
		BEC15D261FAC01A800487F33 /* Debug */ = {
			isa = XCBuildConfiguration;
			buildSettings = {
				ASSETCATALOG_COMPILER_APPICON_NAME = AppIcon;
				INFOPLIST_FILE = CountApp/Info.plist;
				LD_RUNPATH_SEARCH_PATHS = "$(inherited) @executable_path/Frameworks";
				PRODUCT_BUNDLE_IDENTIFIER = com.litech.CountApp;
				PRODUCT_NAME = "$(TARGET_NAME)";
				SWIFT_VERSION = 3.0;
			};
			name = Debug;
		};
		BEC15D271FAC01A800487F33 /* Release */ = {
			isa = XCBuildConfiguration;
			buildSettings = {
				ASSETCATALOG_COMPILER_APPICON_NAME = AppIcon;
				INFOPLIST_FILE = CountApp/Info.plist;
				LD_RUNPATH_SEARCH_PATHS = "$(inherited) @executable_path/Frameworks";
				PRODUCT_BUNDLE_IDENTIFIER = com.litech.CountApp;
				PRODUCT_NAME = "$(TARGET_NAME)";
				SWIFT_VERSION = 3.0;
			};
			name = Release;
		};
		BEC15D291FAC01A800487F33 /* Debug */ = {
			isa = XCBuildConfiguration;
			buildSettings = {
				ALWAYS_EMBED_SWIFT_STANDARD_LIBRARIES = YES;
				BUNDLE_LOADER = "$(TEST_HOST)";
				INFOPLIST_FILE = CountAppTests/Info.plist;
				LD_RUNPATH_SEARCH_PATHS = "$(inherited) @executable_path/Frameworks @loader_path/Frameworks";
				PRODUCT_BUNDLE_IDENTIFIER = com.litech.CountAppTests;
				PRODUCT_NAME = "$(TARGET_NAME)";
				SWIFT_VERSION = 3.0;
				TEST_HOST = "$(BUILT_PRODUCTS_DIR)/CountApp.app/CountApp";
			};
			name = Debug;
		};
		BEC15D2A1FAC01A800487F33 /* Release */ = {
			isa = XCBuildConfiguration;
			buildSettings = {
				ALWAYS_EMBED_SWIFT_STANDARD_LIBRARIES = YES;
				BUNDLE_LOADER = "$(TEST_HOST)";
				INFOPLIST_FILE = CountAppTests/Info.plist;
				LD_RUNPATH_SEARCH_PATHS = "$(inherited) @executable_path/Frameworks @loader_path/Frameworks";
				PRODUCT_BUNDLE_IDENTIFIER = com.litech.CountAppTests;
				PRODUCT_NAME = "$(TARGET_NAME)";
				SWIFT_VERSION = 3.0;
				TEST_HOST = "$(BUILT_PRODUCTS_DIR)/CountApp.app/CountApp";
			};
			name = Release;
		};
		BEC15D2C1FAC01A800487F33 /* Debug */ = {
			isa = XCBuildConfiguration;
			buildSettings = {
				ALWAYS_EMBED_SWIFT_STANDARD_LIBRARIES = YES;
				INFOPLIST_FILE = CountAppUITests/Info.plist;
				LD_RUNPATH_SEARCH_PATHS = "$(inherited) @executable_path/Frameworks @loader_path/Frameworks";
				PRODUCT_BUNDLE_IDENTIFIER = com.litech.CountAppUITests;
				PRODUCT_NAME = "$(TARGET_NAME)";
				SWIFT_VERSION = 3.0;
				TEST_TARGET_NAME = CountApp;
			};
			name = Debug;
		};
		BEC15D2D1FAC01A800487F33 /* Release */ = {
			isa = XCBuildConfiguration;
			buildSettings = {
				ALWAYS_EMBED_SWIFT_STANDARD_LIBRARIES = YES;
				INFOPLIST_FILE = CountAppUITests/Info.plist;
				LD_RUNPATH_SEARCH_PATHS = "$(inherited) @executable_path/Frameworks @loader_path/Frameworks";
				PRODUCT_BUNDLE_IDENTIFIER = com.litech.CountAppUITests;
				PRODUCT_NAME = "$(TARGET_NAME)";
				SWIFT_VERSION = 3.0;
				TEST_TARGET_NAME = CountApp;
			};
			name = Release;
		};
/* End XCBuildConfiguration section */

/* Begin XCConfigurationList section */
		BEC15CF81FAC01A800487F33 /* Build configuration list for PBXProject "CountApp" */ = {
			isa = XCConfigurationList;
			buildConfigurations = (
				BEC15D231FAC01A800487F33 /* Debug */,
				BEC15D241FAC01A800487F33 /* Release */,
			);
			defaultConfigurationIsVisible = 0;
			defaultConfigurationName = Release;
		};
		BEC15D251FAC01A800487F33 /* Build configuration list for PBXNativeTarget "CountApp" */ = {
			isa = XCConfigurationList;
			buildConfigurations = (
				BEC15D261FAC01A800487F33 /* Debug */,
				BEC15D271FAC01A800487F33 /* Release */,
			);
			defaultConfigurationIsVisible = 0;
		};
		BEC15D281FAC01A800487F33 /* Build configuration list for PBXNativeTarget "CountAppTests" */ = {
			isa = XCConfigurationList;
			buildConfigurations = (
				BEC15D291FAC01A800487F33 /* Debug */,
				BEC15D2A1FAC01A800487F33 /* Release */,
			);
			defaultConfigurationIsVisible = 0;
		};
		BEC15D2B1FAC01A800487F33 /* Build configuration list for PBXNativeTarget "CountAppUITests" */ = {
			isa = XCConfigurationList;
			buildConfigurations = (
				BEC15D2C1FAC01A800487F33 /* Debug */,
				BEC15D2D1FAC01A800487F33 /* Release */,
			);
			defaultConfigurationIsVisible = 0;
		};
/* End XCConfigurationList section */
	};
	rootObject = BEC15CF51FAC01A800487F33 /* Project object */;
}
